{
  "version": 4,
  "terraform_version": "1.5.7",
  "serial": 1,
  "lineage": "8a20e29b-03d4-ad94-6f80-7fe16857ea4f",
  "outputs": {},
  "resources": [
    {
      "mode": "managed",
      "type": "aws_instance",
      "name": "ec2",
      "provider": "provider[\"registry.terraform.io/hashicorp/aws\"]",
      "instances": [
        {
          "schema_version": 2,
          "attributes": {
            "ami": "ami-07c19991d2b65ffe0",
            "arn": "arn:aws:ec2:eu-west-2:859785367227:instance/i-0244e476f3db4e438",
            "associate_public_ip_address": true,
            "availability_zone": "eu-west-2a",
            "capacity_reservation_specification": [
              {
                "capacity_reservation_preference": "open",
                "capacity_reservation_target": []
              }
            ],
            "cpu_options": [
              {
                "amd_sev_snp": "",
                "core_count": 2,
                "threads_per_core": 1
              }
            ],
            "credit_specification": [
              {
                "cpu_credits": "unlimited"
              }
            ],
            "disable_api_stop": false,
            "disable_api_termination": false,
            "ebs_block_device": [],
            "ebs_optimized": false,
            "enable_primary_ipv6": null,
            "enclave_options": [
              {
                "enabled": false
              }
            ],
            "ephemeral_block_device": [],
            "force_destroy": false,
            "get_password_data": false,
            "hibernation": false,
            "host_id": "",
            "host_resource_group_arn": null,
            "iam_instance_profile": "",
            "id": "i-0244e476f3db4e438",
            "instance_initiated_shutdown_behavior": "stop",
            "instance_lifecycle": "",
            "instance_market_options": [],
            "instance_state": "running",
            "instance_type": "t4g.micro",
            "ipv6_address_count": 0,
            "ipv6_addresses": [],
            "key_name": "",
            "launch_template": [],
            "maintenance_options": [
              {
                "auto_recovery": "default"
              }
            ],
            "metadata_options": [
              {
                "http_endpoint": "enabled",
                "http_protocol_ipv6": "disabled",
                "http_put_response_hop_limit": 2,
                "http_tokens": "required",
                "instance_metadata_tags": "disabled"
              }
            ],
            "monitoring": false,
            "network_interface": [],
            "outpost_arn": "",
            "password_data": "",
            "placement_group": "",
            "placement_group_id": "",
            "placement_partition_number": 0,
            "primary_network_interface": [
              {
                "delete_on_termination": true,
                "network_interface_id": "eni-0f5e662af786de2cc"
              }
            ],
            "primary_network_interface_id": "eni-0f5e662af786de2cc",
            "private_dns": "ip-172-31-23-5.eu-west-2.compute.internal",
            "private_dns_name_options": [
              {
                "enable_resource_name_dns_a_record": false,
                "enable_resource_name_dns_aaaa_record": false,
                "hostname_type": "ip-name"
              }
            ],
            "private_ip": "172.31.23.5",
            "public_dns": "ec2-18-171-203-125.eu-west-2.compute.amazonaws.com",
            "public_ip": "18.171.203.125",
            "region": "eu-west-2",
            "root_block_device": [
              {
                "delete_on_termination": true,
                "device_name": "/dev/xvda",
                "encrypted": false,
                "iops": 3000,
                "kms_key_id": "",
                "tags": {},
                "tags_all": {},
                "throughput": 125,
                "volume_id": "vol-0c9472432c368137c",
                "volume_size": 8,
                "volume_type": "gp3"
              }
            ],
            "secondary_private_ips": [],
            "security_groups": [
              "default"
            ],
            "source_dest_check": true,
            "spot_instance_request_id": "",
            "subnet_id": "subnet-03f24679",
            "tags": {
              "Name": "ec2-demo"
            },
            "tags_all": {
              "Name": "ec2-demo"
            },
            "tenancy": "default",
            "timeouts": null,
            "user_data": "#! /bin/bash\n# Instance Identity Metadata Reference - https://docs.aws.amazon.com/AWSEC2/latest/UserGuide/instance-identity-documents.html\nsudo yum update -y\nsudo yum install -y httpd\nsudo systemctl enable httpd\nsudo service httpd start\nsudo echo '\u003ch1\u003eWelcome to StackSimplify - APP-1\u003c/h1\u003e' | sudo tee /var/www/html/index.html\nsudo mkdir /var/www/html/app1\nsudo echo '\u003c!DOCTYPE html\u003e \u003chtml\u003e \u003cbody style=\"background-color:rgb(250, 210, 210);\"\u003e \u003ch1\u003eWelcome to Stack Simplify - APP-1\u003c/h1\u003e \u003cp\u003eTerraform Demo\u003c/p\u003e \u003cp\u003eApplication Version: V1\u003c/p\u003e \u003c/body\u003e\u003c/html\u003e' | sudo tee /var/www/html/app1/index.html\n#sudo curl http://169.254.169.254/latest/dynamic/instance-identity/document -o /var/www/html/app1/metadata.html\nTOKEN=`curl -X PUT \"http://169.254.169.254/latest/api/token\" -H \"X-aws-ec2-metadata-token-ttl-seconds: 21600\"`\nsudo curl -H \"X-aws-ec2-metadata-token: $TOKEN\" http://169.254.169.254/latest/dynamic/instance-identity/document -o /var/www/html/app1/metadata.html\n# AWS Documentation to retrieve EC2 Instance Data\n# https://docs.aws.amazon.com/AWSEC2/latest/UserGuide/instancedata-data-retrieval.html",
            "user_data_base64": null,
            "user_data_replace_on_change": false,
            "volume_tags": null,
            "vpc_security_group_ids": [
              "sg-1450f278"
            ]
          },
          "sensitive_attributes": [],
          "private": "eyJlMmJmYjczMC1lY2FhLTExZTYtOGY4OC0zNDM2M2JjN2M0YzAiOnsiY3JlYXRlIjo2MDAwMDAwMDAwMDAsImRlbGV0ZSI6MTIwMDAwMDAwMDAwMCwicmVhZCI6OTAwMDAwMDAwMDAwLCJ1cGRhdGUiOjYwMDAwMDAwMDAwMH0sInNjaGVtYV92ZXJzaW9uIjoiMiJ9"
        }
      ]
    }
  ],
  "check_results": null
}
